
Microsoft Visual Studio Solution File, Format Version 12.00
# Visual Studio 15
VisualStudioVersion = 15.0.27428.2005
MinimumVisualStudioVersion = 10.0.40219.1
Project("{2150E333-8FDC-42A3-9474-1A3956D46DE8}") = "UI", "UI", "{163FD20A-5D8D-4AF2-A18E-A7C525713950}"
EndProject
Project("{2150E333-8FDC-42A3-9474-1A3956D46DE8}") = "BackEnd", "BackEnd", "{26552C00-4AC6-48DB-A43A-1BFC8304E5E2}"
EndProject
Project("{2150E333-8FDC-42A3-9474-1A3956D46DE8}") = "Core", "Core", "{35AD6882-3F01-4A84-BF10-349D79975FF5}"
EndProject
Project("{2150E333-8FDC-42A3-9474-1A3956D46DE8}") = "Infra", "Infra", "{4F52DEBD-4D77-4B4B-913D-3740152E0D9E}"
EndProject
Project("{2150E333-8FDC-42A3-9474-1A3956D46DE8}") = "Domain", "Domain", "{570FD6DB-5FCA-4409-BC32-24D156A8CBB8}"
EndProject
Project("{2150E333-8FDC-42A3-9474-1A3956D46DE8}") = "Model", "Model", "{2B72A661-317D-4A94-A151-F019B9808603}"
EndProject
Project("{2150E333-8FDC-42A3-9474-1A3956D46DE8}") = "Data", "Data", "{EC97AA26-35E6-4482-84E4-8FFAFF8F8D48}"
EndProject
Project("{FAE04EC0-301F-11D3-BF4B-00C04F79EFBC}") = "Stefanini.BackEnd.Core.Model", "Stefanini.BackEnd.Core.Model\Stefanini.BackEnd.Core.Model.csproj", "{B38D7E0D-C9AA-4FC7-9D6F-0FCFA532CCB7}"
EndProject
Project("{FAE04EC0-301F-11D3-BF4B-00C04F79EFBC}") = "Stefanini.BackEnd.Core.Data", "Stefanini.BackEnd.Core.Data\Stefanini.BackEnd.Core.Data.csproj", "{B3B4C345-3ED0-4EF4-9ED0-B546FECC7D1A}"
EndProject
Project("{2150E333-8FDC-42A3-9474-1A3956D46DE8}") = "Service", "Service", "{4B53FB0F-6471-47F8-9D02-030CE43ACBCD}"
EndProject
Project("{FAE04EC0-301F-11D3-BF4B-00C04F79EFBC}") = "Stefanini.BackEnd.Core.Service", "Stefanini.BackEnd.Core.Service\Stefanini.BackEnd.Core.Service.csproj", "{821632FD-EFD0-47E7-9E9C-8459A84DFD62}"
EndProject
Project("{FAE04EC0-301F-11D3-BF4B-00C04F79EFBC}") = "Stefanini.Xamarin.Core", "Stefanini.Xamarin\Stefanini.Xamarin.Core\Stefanini.Xamarin.Core.csproj", "{67E342FD-CA9E-4039-A31A-2A2E8D9F5F60}"
EndProject
Project("{FAE04EC0-301F-11D3-BF4B-00C04F79EFBC}") = "Stefanini.Xamarin.Droid", "Stefanini.Xamarin\Stefanini.Xamarin.Droid\Stefanini.Xamarin.Droid.csproj", "{C6BFF310-1B1E-421C-8E49-276EEAFA1044}"
EndProject
Project("{FAE04EC0-301F-11D3-BF4B-00C04F79EFBC}") = "Stefanini.Xamarin.iOS", "Stefanini.Xamarin\Stefanini.Xamarin.iOS\Stefanini.Xamarin.iOS.csproj", "{9EC0AB4A-D140-40A1-B02C-67A8F8A25CA5}"
EndProject
Project("{FAE04EC0-301F-11D3-BF4B-00C04F79EFBC}") = "Stefanini.Xamarin.UWP", "Stefanini.Xamarin\Stefanini.Xamarin.UWP\Stefanini.Xamarin.UWP.csproj", "{2E2FD5E5-9EDF-4B55-8960-A620068817A1}"
EndProject
Project("{FAE04EC0-301F-11D3-BF4B-00C04F79EFBC}") = "Stefanini.Xamarin.WPF", "Stefanini.Xamarin\Stefanini.Xamarin.WPF\Stefanini.Xamarin.WPF.csproj", "{EEB8CD3E-2DBF-427A-B42B-93FF20F52387}"
EndProject
Global
	GlobalSection(SolutionConfigurationPlatforms) = preSolution
		Ad-Hoc|Any CPU = Ad-Hoc|Any CPU
		Ad-Hoc|ARM = Ad-Hoc|ARM
		Ad-Hoc|iPhone = Ad-Hoc|iPhone
		Ad-Hoc|iPhoneSimulator = Ad-Hoc|iPhoneSimulator
		Ad-Hoc|x64 = Ad-Hoc|x64
		Ad-Hoc|x86 = Ad-Hoc|x86
		AppStore|Any CPU = AppStore|Any CPU
		AppStore|ARM = AppStore|ARM
		AppStore|iPhone = AppStore|iPhone
		AppStore|iPhoneSimulator = AppStore|iPhoneSimulator
		AppStore|x64 = AppStore|x64
		AppStore|x86 = AppStore|x86
		Debug|Any CPU = Debug|Any CPU
		Debug|ARM = Debug|ARM
		Debug|iPhone = Debug|iPhone
		Debug|iPhoneSimulator = Debug|iPhoneSimulator
		Debug|x64 = Debug|x64
		Debug|x86 = Debug|x86
		Release|Any CPU = Release|Any CPU
		Release|ARM = Release|ARM
		Release|iPhone = Release|iPhone
		Release|iPhoneSimulator = Release|iPhoneSimulator
		Release|x64 = Release|x64
		Release|x86 = Release|x86
	EndGlobalSection
	GlobalSection(ProjectConfigurationPlatforms) = postSolution
		{B38D7E0D-C9AA-4FC7-9D6F-0FCFA532CCB7}.Ad-Hoc|Any CPU.ActiveCfg = Release|Any CPU
		{B38D7E0D-C9AA-4FC7-9D6F-0FCFA532CCB7}.Ad-Hoc|Any CPU.Build.0 = Release|Any CPU
		{B38D7E0D-C9AA-4FC7-9D6F-0FCFA532CCB7}.Ad-Hoc|ARM.ActiveCfg = Release|Any CPU
		{B38D7E0D-C9AA-4FC7-9D6F-0FCFA532CCB7}.Ad-Hoc|ARM.Build.0 = Release|Any CPU
		{B38D7E0D-C9AA-4FC7-9D6F-0FCFA532CCB7}.Ad-Hoc|iPhone.ActiveCfg = Release|Any CPU
		{B38D7E0D-C9AA-4FC7-9D6F-0FCFA532CCB7}.Ad-Hoc|iPhone.Build.0 = Release|Any CPU
		{B38D7E0D-C9AA-4FC7-9D6F-0FCFA532CCB7}.Ad-Hoc|iPhoneSimulator.ActiveCfg = Release|Any CPU
		{B38D7E0D-C9AA-4FC7-9D6F-0FCFA532CCB7}.Ad-Hoc|iPhoneSimulator.Build.0 = Release|Any CPU
		{B38D7E0D-C9AA-4FC7-9D6F-0FCFA532CCB7}.Ad-Hoc|x64.ActiveCfg = Release|Any CPU
		{B38D7E0D-C9AA-4FC7-9D6F-0FCFA532CCB7}.Ad-Hoc|x64.Build.0 = Release|Any CPU
		{B38D7E0D-C9AA-4FC7-9D6F-0FCFA532CCB7}.Ad-Hoc|x86.ActiveCfg = Release|Any CPU
		{B38D7E0D-C9AA-4FC7-9D6F-0FCFA532CCB7}.Ad-Hoc|x86.Build.0 = Release|Any CPU
		{B38D7E0D-C9AA-4FC7-9D6F-0FCFA532CCB7}.AppStore|Any CPU.ActiveCfg = Release|Any CPU
		{B38D7E0D-C9AA-4FC7-9D6F-0FCFA532CCB7}.AppStore|Any CPU.Build.0 = Release|Any CPU
		{B38D7E0D-C9AA-4FC7-9D6F-0FCFA532CCB7}.AppStore|ARM.ActiveCfg = Release|Any CPU
		{B38D7E0D-C9AA-4FC7-9D6F-0FCFA532CCB7}.AppStore|ARM.Build.0 = Release|Any CPU
		{B38D7E0D-C9AA-4FC7-9D6F-0FCFA532CCB7}.AppStore|iPhone.ActiveCfg = Release|Any CPU
		{B38D7E0D-C9AA-4FC7-9D6F-0FCFA532CCB7}.AppStore|iPhone.Build.0 = Release|Any CPU
		{B38D7E0D-C9AA-4FC7-9D6F-0FCFA532CCB7}.AppStore|iPhoneSimulator.ActiveCfg = Release|Any CPU
		{B38D7E0D-C9AA-4FC7-9D6F-0FCFA532CCB7}.AppStore|iPhoneSimulator.Build.0 = Release|Any CPU
		{B38D7E0D-C9AA-4FC7-9D6F-0FCFA532CCB7}.AppStore|x64.ActiveCfg = Release|Any CPU
		{B38D7E0D-C9AA-4FC7-9D6F-0FCFA532CCB7}.AppStore|x64.Build.0 = Release|Any CPU
		{B38D7E0D-C9AA-4FC7-9D6F-0FCFA532CCB7}.AppStore|x86.ActiveCfg = Release|Any CPU
		{B38D7E0D-C9AA-4FC7-9D6F-0FCFA532CCB7}.AppStore|x86.Build.0 = Release|Any CPU
		{B38D7E0D-C9AA-4FC7-9D6F-0FCFA532CCB7}.Debug|Any CPU.ActiveCfg = Debug|Any CPU
		{B38D7E0D-C9AA-4FC7-9D6F-0FCFA532CCB7}.Debug|Any CPU.Build.0 = Debug|Any CPU
		{B38D7E0D-C9AA-4FC7-9D6F-0FCFA532CCB7}.Debug|ARM.ActiveCfg = Debug|Any CPU
		{B38D7E0D-C9AA-4FC7-9D6F-0FCFA532CCB7}.Debug|ARM.Build.0 = Debug|Any CPU
		{B38D7E0D-C9AA-4FC7-9D6F-0FCFA532CCB7}.Debug|iPhone.ActiveCfg = Debug|Any CPU
		{B38D7E0D-C9AA-4FC7-9D6F-0FCFA532CCB7}.Debug|iPhone.Build.0 = Debug|Any CPU
		{B38D7E0D-C9AA-4FC7-9D6F-0FCFA532CCB7}.Debug|iPhoneSimulator.ActiveCfg = Debug|Any CPU
		{B38D7E0D-C9AA-4FC7-9D6F-0FCFA532CCB7}.Debug|iPhoneSimulator.Build.0 = Debug|Any CPU
		{B38D7E0D-C9AA-4FC7-9D6F-0FCFA532CCB7}.Debug|x64.ActiveCfg = Debug|Any CPU
		{B38D7E0D-C9AA-4FC7-9D6F-0FCFA532CCB7}.Debug|x64.Build.0 = Debug|Any CPU
		{B38D7E0D-C9AA-4FC7-9D6F-0FCFA532CCB7}.Debug|x86.ActiveCfg = Debug|Any CPU
		{B38D7E0D-C9AA-4FC7-9D6F-0FCFA532CCB7}.Debug|x86.Build.0 = Debug|Any CPU
		{B38D7E0D-C9AA-4FC7-9D6F-0FCFA532CCB7}.Release|Any CPU.ActiveCfg = Release|Any CPU
		{B38D7E0D-C9AA-4FC7-9D6F-0FCFA532CCB7}.Release|Any CPU.Build.0 = Release|Any CPU
		{B38D7E0D-C9AA-4FC7-9D6F-0FCFA532CCB7}.Release|ARM.ActiveCfg = Release|Any CPU
		{B38D7E0D-C9AA-4FC7-9D6F-0FCFA532CCB7}.Release|ARM.Build.0 = Release|Any CPU
		{B38D7E0D-C9AA-4FC7-9D6F-0FCFA532CCB7}.Release|iPhone.ActiveCfg = Release|Any CPU
		{B38D7E0D-C9AA-4FC7-9D6F-0FCFA532CCB7}.Release|iPhone.Build.0 = Release|Any CPU
		{B38D7E0D-C9AA-4FC7-9D6F-0FCFA532CCB7}.Release|iPhoneSimulator.ActiveCfg = Release|Any CPU
		{B38D7E0D-C9AA-4FC7-9D6F-0FCFA532CCB7}.Release|iPhoneSimulator.Build.0 = Release|Any CPU
		{B38D7E0D-C9AA-4FC7-9D6F-0FCFA532CCB7}.Release|x64.ActiveCfg = Release|Any CPU
		{B38D7E0D-C9AA-4FC7-9D6F-0FCFA532CCB7}.Release|x64.Build.0 = Release|Any CPU
		{B38D7E0D-C9AA-4FC7-9D6F-0FCFA532CCB7}.Release|x86.ActiveCfg = Release|Any CPU
		{B38D7E0D-C9AA-4FC7-9D6F-0FCFA532CCB7}.Release|x86.Build.0 = Release|Any CPU
		{B3B4C345-3ED0-4EF4-9ED0-B546FECC7D1A}.Ad-Hoc|Any CPU.ActiveCfg = Release|Any CPU
		{B3B4C345-3ED0-4EF4-9ED0-B546FECC7D1A}.Ad-Hoc|Any CPU.Build.0 = Release|Any CPU
		{B3B4C345-3ED0-4EF4-9ED0-B546FECC7D1A}.Ad-Hoc|ARM.ActiveCfg = Release|Any CPU
		{B3B4C345-3ED0-4EF4-9ED0-B546FECC7D1A}.Ad-Hoc|ARM.Build.0 = Release|Any CPU
		{B3B4C345-3ED0-4EF4-9ED0-B546FECC7D1A}.Ad-Hoc|iPhone.ActiveCfg = Release|Any CPU
		{B3B4C345-3ED0-4EF4-9ED0-B546FECC7D1A}.Ad-Hoc|iPhone.Build.0 = Release|Any CPU
		{B3B4C345-3ED0-4EF4-9ED0-B546FECC7D1A}.Ad-Hoc|iPhoneSimulator.ActiveCfg = Release|Any CPU
		{B3B4C345-3ED0-4EF4-9ED0-B546FECC7D1A}.Ad-Hoc|iPhoneSimulator.Build.0 = Release|Any CPU
		{B3B4C345-3ED0-4EF4-9ED0-B546FECC7D1A}.Ad-Hoc|x64.ActiveCfg = Release|Any CPU
		{B3B4C345-3ED0-4EF4-9ED0-B546FECC7D1A}.Ad-Hoc|x64.Build.0 = Release|Any CPU
		{B3B4C345-3ED0-4EF4-9ED0-B546FECC7D1A}.Ad-Hoc|x86.ActiveCfg = Release|Any CPU
		{B3B4C345-3ED0-4EF4-9ED0-B546FECC7D1A}.Ad-Hoc|x86.Build.0 = Release|Any CPU
		{B3B4C345-3ED0-4EF4-9ED0-B546FECC7D1A}.AppStore|Any CPU.ActiveCfg = Release|Any CPU
		{B3B4C345-3ED0-4EF4-9ED0-B546FECC7D1A}.AppStore|Any CPU.Build.0 = Release|Any CPU
		{B3B4C345-3ED0-4EF4-9ED0-B546FECC7D1A}.AppStore|ARM.ActiveCfg = Release|Any CPU
		{B3B4C345-3ED0-4EF4-9ED0-B546FECC7D1A}.AppStore|ARM.Build.0 = Release|Any CPU
		{B3B4C345-3ED0-4EF4-9ED0-B546FECC7D1A}.AppStore|iPhone.ActiveCfg = Release|Any CPU
		{B3B4C345-3ED0-4EF4-9ED0-B546FECC7D1A}.AppStore|iPhone.Build.0 = Release|Any CPU
		{B3B4C345-3ED0-4EF4-9ED0-B546FECC7D1A}.AppStore|iPhoneSimulator.ActiveCfg = Release|Any CPU
		{B3B4C345-3ED0-4EF4-9ED0-B546FECC7D1A}.AppStore|iPhoneSimulator.Build.0 = Release|Any CPU
		{B3B4C345-3ED0-4EF4-9ED0-B546FECC7D1A}.AppStore|x64.ActiveCfg = Release|Any CPU
		{B3B4C345-3ED0-4EF4-9ED0-B546FECC7D1A}.AppStore|x64.Build.0 = Release|Any CPU
		{B3B4C345-3ED0-4EF4-9ED0-B546FECC7D1A}.AppStore|x86.ActiveCfg = Release|Any CPU
		{B3B4C345-3ED0-4EF4-9ED0-B546FECC7D1A}.AppStore|x86.Build.0 = Release|Any CPU
		{B3B4C345-3ED0-4EF4-9ED0-B546FECC7D1A}.Debug|Any CPU.ActiveCfg = Debug|Any CPU
		{B3B4C345-3ED0-4EF4-9ED0-B546FECC7D1A}.Debug|Any CPU.Build.0 = Debug|Any CPU
		{B3B4C345-3ED0-4EF4-9ED0-B546FECC7D1A}.Debug|ARM.ActiveCfg = Debug|Any CPU
		{B3B4C345-3ED0-4EF4-9ED0-B546FECC7D1A}.Debug|ARM.Build.0 = Debug|Any CPU
		{B3B4C345-3ED0-4EF4-9ED0-B546FECC7D1A}.Debug|iPhone.ActiveCfg = Debug|Any CPU
		{B3B4C345-3ED0-4EF4-9ED0-B546FECC7D1A}.Debug|iPhone.Build.0 = Debug|Any CPU
		{B3B4C345-3ED0-4EF4-9ED0-B546FECC7D1A}.Debug|iPhoneSimulator.ActiveCfg = Debug|Any CPU
		{B3B4C345-3ED0-4EF4-9ED0-B546FECC7D1A}.Debug|iPhoneSimulator.Build.0 = Debug|Any CPU
		{B3B4C345-3ED0-4EF4-9ED0-B546FECC7D1A}.Debug|x64.ActiveCfg = Debug|Any CPU
		{B3B4C345-3ED0-4EF4-9ED0-B546FECC7D1A}.Debug|x64.Build.0 = Debug|Any CPU
		{B3B4C345-3ED0-4EF4-9ED0-B546FECC7D1A}.Debug|x86.ActiveCfg = Debug|Any CPU
		{B3B4C345-3ED0-4EF4-9ED0-B546FECC7D1A}.Debug|x86.Build.0 = Debug|Any CPU
		{B3B4C345-3ED0-4EF4-9ED0-B546FECC7D1A}.Release|Any CPU.ActiveCfg = Release|Any CPU
		{B3B4C345-3ED0-4EF4-9ED0-B546FECC7D1A}.Release|Any CPU.Build.0 = Release|Any CPU
		{B3B4C345-3ED0-4EF4-9ED0-B546FECC7D1A}.Release|ARM.ActiveCfg = Release|Any CPU
		{B3B4C345-3ED0-4EF4-9ED0-B546FECC7D1A}.Release|ARM.Build.0 = Release|Any CPU
		{B3B4C345-3ED0-4EF4-9ED0-B546FECC7D1A}.Release|iPhone.ActiveCfg = Release|Any CPU
		{B3B4C345-3ED0-4EF4-9ED0-B546FECC7D1A}.Release|iPhone.Build.0 = Release|Any CPU
		{B3B4C345-3ED0-4EF4-9ED0-B546FECC7D1A}.Release|iPhoneSimulator.ActiveCfg = Release|Any CPU
		{B3B4C345-3ED0-4EF4-9ED0-B546FECC7D1A}.Release|iPhoneSimulator.Build.0 = Release|Any CPU
		{B3B4C345-3ED0-4EF4-9ED0-B546FECC7D1A}.Release|x64.ActiveCfg = Release|Any CPU
		{B3B4C345-3ED0-4EF4-9ED0-B546FECC7D1A}.Release|x64.Build.0 = Release|Any CPU
		{B3B4C345-3ED0-4EF4-9ED0-B546FECC7D1A}.Release|x86.ActiveCfg = Release|Any CPU
		{B3B4C345-3ED0-4EF4-9ED0-B546FECC7D1A}.Release|x86.Build.0 = Release|Any CPU
		{821632FD-EFD0-47E7-9E9C-8459A84DFD62}.Ad-Hoc|Any CPU.ActiveCfg = Release|Any CPU
		{821632FD-EFD0-47E7-9E9C-8459A84DFD62}.Ad-Hoc|Any CPU.Build.0 = Release|Any CPU
		{821632FD-EFD0-47E7-9E9C-8459A84DFD62}.Ad-Hoc|ARM.ActiveCfg = Release|Any CPU
		{821632FD-EFD0-47E7-9E9C-8459A84DFD62}.Ad-Hoc|ARM.Build.0 = Release|Any CPU
		{821632FD-EFD0-47E7-9E9C-8459A84DFD62}.Ad-Hoc|iPhone.ActiveCfg = Release|Any CPU
		{821632FD-EFD0-47E7-9E9C-8459A84DFD62}.Ad-Hoc|iPhone.Build.0 = Release|Any CPU
		{821632FD-EFD0-47E7-9E9C-8459A84DFD62}.Ad-Hoc|iPhoneSimulator.ActiveCfg = Release|Any CPU
		{821632FD-EFD0-47E7-9E9C-8459A84DFD62}.Ad-Hoc|iPhoneSimulator.Build.0 = Release|Any CPU
		{821632FD-EFD0-47E7-9E9C-8459A84DFD62}.Ad-Hoc|x64.ActiveCfg = Release|Any CPU
		{821632FD-EFD0-47E7-9E9C-8459A84DFD62}.Ad-Hoc|x64.Build.0 = Release|Any CPU
		{821632FD-EFD0-47E7-9E9C-8459A84DFD62}.Ad-Hoc|x86.ActiveCfg = Release|Any CPU
		{821632FD-EFD0-47E7-9E9C-8459A84DFD62}.Ad-Hoc|x86.Build.0 = Release|Any CPU
		{821632FD-EFD0-47E7-9E9C-8459A84DFD62}.AppStore|Any CPU.ActiveCfg = Release|Any CPU
		{821632FD-EFD0-47E7-9E9C-8459A84DFD62}.AppStore|Any CPU.Build.0 = Release|Any CPU
		{821632FD-EFD0-47E7-9E9C-8459A84DFD62}.AppStore|ARM.ActiveCfg = Release|Any CPU
		{821632FD-EFD0-47E7-9E9C-8459A84DFD62}.AppStore|ARM.Build.0 = Release|Any CPU
		{821632FD-EFD0-47E7-9E9C-8459A84DFD62}.AppStore|iPhone.ActiveCfg = Release|Any CPU
		{821632FD-EFD0-47E7-9E9C-8459A84DFD62}.AppStore|iPhone.Build.0 = Release|Any CPU
		{821632FD-EFD0-47E7-9E9C-8459A84DFD62}.AppStore|iPhoneSimulator.ActiveCfg = Release|Any CPU
		{821632FD-EFD0-47E7-9E9C-8459A84DFD62}.AppStore|iPhoneSimulator.Build.0 = Release|Any CPU
		{821632FD-EFD0-47E7-9E9C-8459A84DFD62}.AppStore|x64.ActiveCfg = Release|Any CPU
		{821632FD-EFD0-47E7-9E9C-8459A84DFD62}.AppStore|x64.Build.0 = Release|Any CPU
		{821632FD-EFD0-47E7-9E9C-8459A84DFD62}.AppStore|x86.ActiveCfg = Release|Any CPU
		{821632FD-EFD0-47E7-9E9C-8459A84DFD62}.AppStore|x86.Build.0 = Release|Any CPU
		{821632FD-EFD0-47E7-9E9C-8459A84DFD62}.Debug|Any CPU.ActiveCfg = Debug|Any CPU
		{821632FD-EFD0-47E7-9E9C-8459A84DFD62}.Debug|Any CPU.Build.0 = Debug|Any CPU
		{821632FD-EFD0-47E7-9E9C-8459A84DFD62}.Debug|ARM.ActiveCfg = Debug|Any CPU
		{821632FD-EFD0-47E7-9E9C-8459A84DFD62}.Debug|ARM.Build.0 = Debug|Any CPU
		{821632FD-EFD0-47E7-9E9C-8459A84DFD62}.Debug|iPhone.ActiveCfg = Debug|Any CPU
		{821632FD-EFD0-47E7-9E9C-8459A84DFD62}.Debug|iPhone.Build.0 = Debug|Any CPU
		{821632FD-EFD0-47E7-9E9C-8459A84DFD62}.Debug|iPhoneSimulator.ActiveCfg = Debug|Any CPU
		{821632FD-EFD0-47E7-9E9C-8459A84DFD62}.Debug|iPhoneSimulator.Build.0 = Debug|Any CPU
		{821632FD-EFD0-47E7-9E9C-8459A84DFD62}.Debug|x64.ActiveCfg = Debug|Any CPU
		{821632FD-EFD0-47E7-9E9C-8459A84DFD62}.Debug|x64.Build.0 = Debug|Any CPU
		{821632FD-EFD0-47E7-9E9C-8459A84DFD62}.Debug|x86.ActiveCfg = Debug|Any CPU
		{821632FD-EFD0-47E7-9E9C-8459A84DFD62}.Debug|x86.Build.0 = Debug|Any CPU
		{821632FD-EFD0-47E7-9E9C-8459A84DFD62}.Release|Any CPU.ActiveCfg = Release|Any CPU
		{821632FD-EFD0-47E7-9E9C-8459A84DFD62}.Release|Any CPU.Build.0 = Release|Any CPU
		{821632FD-EFD0-47E7-9E9C-8459A84DFD62}.Release|ARM.ActiveCfg = Release|Any CPU
		{821632FD-EFD0-47E7-9E9C-8459A84DFD62}.Release|ARM.Build.0 = Release|Any CPU
		{821632FD-EFD0-47E7-9E9C-8459A84DFD62}.Release|iPhone.ActiveCfg = Release|Any CPU
		{821632FD-EFD0-47E7-9E9C-8459A84DFD62}.Release|iPhone.Build.0 = Release|Any CPU
		{821632FD-EFD0-47E7-9E9C-8459A84DFD62}.Release|iPhoneSimulator.ActiveCfg = Release|Any CPU
		{821632FD-EFD0-47E7-9E9C-8459A84DFD62}.Release|iPhoneSimulator.Build.0 = Release|Any CPU
		{821632FD-EFD0-47E7-9E9C-8459A84DFD62}.Release|x64.ActiveCfg = Release|Any CPU
		{821632FD-EFD0-47E7-9E9C-8459A84DFD62}.Release|x64.Build.0 = Release|Any CPU
		{821632FD-EFD0-47E7-9E9C-8459A84DFD62}.Release|x86.ActiveCfg = Release|Any CPU
		{821632FD-EFD0-47E7-9E9C-8459A84DFD62}.Release|x86.Build.0 = Release|Any CPU
		{67E342FD-CA9E-4039-A31A-2A2E8D9F5F60}.Ad-Hoc|Any CPU.ActiveCfg = Debug|Any CPU
		{67E342FD-CA9E-4039-A31A-2A2E8D9F5F60}.Ad-Hoc|Any CPU.Build.0 = Debug|Any CPU
		{67E342FD-CA9E-4039-A31A-2A2E8D9F5F60}.Ad-Hoc|ARM.ActiveCfg = Debug|Any CPU
		{67E342FD-CA9E-4039-A31A-2A2E8D9F5F60}.Ad-Hoc|ARM.Build.0 = Debug|Any CPU
		{67E342FD-CA9E-4039-A31A-2A2E8D9F5F60}.Ad-Hoc|iPhone.ActiveCfg = Debug|Any CPU
		{67E342FD-CA9E-4039-A31A-2A2E8D9F5F60}.Ad-Hoc|iPhone.Build.0 = Debug|Any CPU
		{67E342FD-CA9E-4039-A31A-2A2E8D9F5F60}.Ad-Hoc|iPhoneSimulator.ActiveCfg = Debug|Any CPU
		{67E342FD-CA9E-4039-A31A-2A2E8D9F5F60}.Ad-Hoc|iPhoneSimulator.Build.0 = Debug|Any CPU
		{67E342FD-CA9E-4039-A31A-2A2E8D9F5F60}.Ad-Hoc|x64.ActiveCfg = Debug|Any CPU
		{67E342FD-CA9E-4039-A31A-2A2E8D9F5F60}.Ad-Hoc|x64.Build.0 = Debug|Any CPU
		{67E342FD-CA9E-4039-A31A-2A2E8D9F5F60}.Ad-Hoc|x86.ActiveCfg = Debug|Any CPU
		{67E342FD-CA9E-4039-A31A-2A2E8D9F5F60}.Ad-Hoc|x86.Build.0 = Debug|Any CPU
		{67E342FD-CA9E-4039-A31A-2A2E8D9F5F60}.AppStore|Any CPU.ActiveCfg = Debug|Any CPU
		{67E342FD-CA9E-4039-A31A-2A2E8D9F5F60}.AppStore|Any CPU.Build.0 = Debug|Any CPU
		{67E342FD-CA9E-4039-A31A-2A2E8D9F5F60}.AppStore|ARM.ActiveCfg = Debug|Any CPU
		{67E342FD-CA9E-4039-A31A-2A2E8D9F5F60}.AppStore|ARM.Build.0 = Debug|Any CPU
		{67E342FD-CA9E-4039-A31A-2A2E8D9F5F60}.AppStore|iPhone.ActiveCfg = Debug|Any CPU
		{67E342FD-CA9E-4039-A31A-2A2E8D9F5F60}.AppStore|iPhone.Build.0 = Debug|Any CPU
		{67E342FD-CA9E-4039-A31A-2A2E8D9F5F60}.AppStore|iPhoneSimulator.ActiveCfg = Debug|Any CPU
		{67E342FD-CA9E-4039-A31A-2A2E8D9F5F60}.AppStore|iPhoneSimulator.Build.0 = Debug|Any CPU
		{67E342FD-CA9E-4039-A31A-2A2E8D9F5F60}.AppStore|x64.ActiveCfg = Debug|Any CPU
		{67E342FD-CA9E-4039-A31A-2A2E8D9F5F60}.AppStore|x64.Build.0 = Debug|Any CPU
		{67E342FD-CA9E-4039-A31A-2A2E8D9F5F60}.AppStore|x86.ActiveCfg = Debug|Any CPU
		{67E342FD-CA9E-4039-A31A-2A2E8D9F5F60}.AppStore|x86.Build.0 = Debug|Any CPU
		{67E342FD-CA9E-4039-A31A-2A2E8D9F5F60}.Debug|Any CPU.ActiveCfg = Debug|Any CPU
		{67E342FD-CA9E-4039-A31A-2A2E8D9F5F60}.Debug|Any CPU.Build.0 = Debug|Any CPU
		{67E342FD-CA9E-4039-A31A-2A2E8D9F5F60}.Debug|ARM.ActiveCfg = Debug|Any CPU
		{67E342FD-CA9E-4039-A31A-2A2E8D9F5F60}.Debug|ARM.Build.0 = Debug|Any CPU
		{67E342FD-CA9E-4039-A31A-2A2E8D9F5F60}.Debug|iPhone.ActiveCfg = Debug|Any CPU
		{67E342FD-CA9E-4039-A31A-2A2E8D9F5F60}.Debug|iPhone.Build.0 = Debug|Any CPU
		{67E342FD-CA9E-4039-A31A-2A2E8D9F5F60}.Debug|iPhoneSimulator.ActiveCfg = Debug|Any CPU
		{67E342FD-CA9E-4039-A31A-2A2E8D9F5F60}.Debug|iPhoneSimulator.Build.0 = Debug|Any CPU
		{67E342FD-CA9E-4039-A31A-2A2E8D9F5F60}.Debug|x64.ActiveCfg = Debug|Any CPU
		{67E342FD-CA9E-4039-A31A-2A2E8D9F5F60}.Debug|x64.Build.0 = Debug|Any CPU
		{67E342FD-CA9E-4039-A31A-2A2E8D9F5F60}.Debug|x86.ActiveCfg = Debug|Any CPU
		{67E342FD-CA9E-4039-A31A-2A2E8D9F5F60}.Debug|x86.Build.0 = Debug|Any CPU
		{67E342FD-CA9E-4039-A31A-2A2E8D9F5F60}.Release|Any CPU.ActiveCfg = Release|Any CPU
		{67E342FD-CA9E-4039-A31A-2A2E8D9F5F60}.Release|Any CPU.Build.0 = Release|Any CPU
		{67E342FD-CA9E-4039-A31A-2A2E8D9F5F60}.Release|ARM.ActiveCfg = Release|Any CPU
		{67E342FD-CA9E-4039-A31A-2A2E8D9F5F60}.Release|ARM.Build.0 = Release|Any CPU
		{67E342FD-CA9E-4039-A31A-2A2E8D9F5F60}.Release|iPhone.ActiveCfg = Release|Any CPU
		{67E342FD-CA9E-4039-A31A-2A2E8D9F5F60}.Release|iPhone.Build.0 = Release|Any CPU
		{67E342FD-CA9E-4039-A31A-2A2E8D9F5F60}.Release|iPhoneSimulator.ActiveCfg = Release|Any CPU
		{67E342FD-CA9E-4039-A31A-2A2E8D9F5F60}.Release|iPhoneSimulator.Build.0 = Release|Any CPU
		{67E342FD-CA9E-4039-A31A-2A2E8D9F5F60}.Release|x64.ActiveCfg = Release|Any CPU
		{67E342FD-CA9E-4039-A31A-2A2E8D9F5F60}.Release|x64.Build.0 = Release|Any CPU
		{67E342FD-CA9E-4039-A31A-2A2E8D9F5F60}.Release|x86.ActiveCfg = Release|Any CPU
		{67E342FD-CA9E-4039-A31A-2A2E8D9F5F60}.Release|x86.Build.0 = Release|Any CPU
		{C6BFF310-1B1E-421C-8E49-276EEAFA1044}.Ad-Hoc|Any CPU.ActiveCfg = Release|Any CPU
		{C6BFF310-1B1E-421C-8E49-276EEAFA1044}.Ad-Hoc|Any CPU.Build.0 = Release|Any CPU
		{C6BFF310-1B1E-421C-8E49-276EEAFA1044}.Ad-Hoc|Any CPU.Deploy.0 = Release|Any CPU
		{C6BFF310-1B1E-421C-8E49-276EEAFA1044}.Ad-Hoc|ARM.ActiveCfg = Release|Any CPU
		{C6BFF310-1B1E-421C-8E49-276EEAFA1044}.Ad-Hoc|ARM.Build.0 = Release|Any CPU
		{C6BFF310-1B1E-421C-8E49-276EEAFA1044}.Ad-Hoc|ARM.Deploy.0 = Release|Any CPU
		{C6BFF310-1B1E-421C-8E49-276EEAFA1044}.Ad-Hoc|iPhone.ActiveCfg = Release|Any CPU
		{C6BFF310-1B1E-421C-8E49-276EEAFA1044}.Ad-Hoc|iPhone.Build.0 = Release|Any CPU
		{C6BFF310-1B1E-421C-8E49-276EEAFA1044}.Ad-Hoc|iPhone.Deploy.0 = Release|Any CPU
		{C6BFF310-1B1E-421C-8E49-276EEAFA1044}.Ad-Hoc|iPhoneSimulator.ActiveCfg = Release|Any CPU
		{C6BFF310-1B1E-421C-8E49-276EEAFA1044}.Ad-Hoc|iPhoneSimulator.Build.0 = Release|Any CPU
		{C6BFF310-1B1E-421C-8E49-276EEAFA1044}.Ad-Hoc|iPhoneSimulator.Deploy.0 = Release|Any CPU
		{C6BFF310-1B1E-421C-8E49-276EEAFA1044}.Ad-Hoc|x64.ActiveCfg = Release|Any CPU
		{C6BFF310-1B1E-421C-8E49-276EEAFA1044}.Ad-Hoc|x64.Build.0 = Release|Any CPU
		{C6BFF310-1B1E-421C-8E49-276EEAFA1044}.Ad-Hoc|x64.Deploy.0 = Release|Any CPU
		{C6BFF310-1B1E-421C-8E49-276EEAFA1044}.Ad-Hoc|x86.ActiveCfg = Release|Any CPU
		{C6BFF310-1B1E-421C-8E49-276EEAFA1044}.Ad-Hoc|x86.Build.0 = Release|Any CPU
		{C6BFF310-1B1E-421C-8E49-276EEAFA1044}.Ad-Hoc|x86.Deploy.0 = Release|Any CPU
		{C6BFF310-1B1E-421C-8E49-276EEAFA1044}.AppStore|Any CPU.ActiveCfg = Release|Any CPU
		{C6BFF310-1B1E-421C-8E49-276EEAFA1044}.AppStore|Any CPU.Build.0 = Release|Any CPU
		{C6BFF310-1B1E-421C-8E49-276EEAFA1044}.AppStore|Any CPU.Deploy.0 = Release|Any CPU
		{C6BFF310-1B1E-421C-8E49-276EEAFA1044}.AppStore|ARM.ActiveCfg = Release|Any CPU
		{C6BFF310-1B1E-421C-8E49-276EEAFA1044}.AppStore|ARM.Build.0 = Release|Any CPU
		{C6BFF310-1B1E-421C-8E49-276EEAFA1044}.AppStore|ARM.Deploy.0 = Release|Any CPU
		{C6BFF310-1B1E-421C-8E49-276EEAFA1044}.AppStore|iPhone.ActiveCfg = Release|Any CPU
		{C6BFF310-1B1E-421C-8E49-276EEAFA1044}.AppStore|iPhone.Build.0 = Release|Any CPU
		{C6BFF310-1B1E-421C-8E49-276EEAFA1044}.AppStore|iPhone.Deploy.0 = Release|Any CPU
		{C6BFF310-1B1E-421C-8E49-276EEAFA1044}.AppStore|iPhoneSimulator.ActiveCfg = Release|Any CPU
		{C6BFF310-1B1E-421C-8E49-276EEAFA1044}.AppStore|iPhoneSimulator.Build.0 = Release|Any CPU
		{C6BFF310-1B1E-421C-8E49-276EEAFA1044}.AppStore|iPhoneSimulator.Deploy.0 = Release|Any CPU
		{C6BFF310-1B1E-421C-8E49-276EEAFA1044}.AppStore|x64.ActiveCfg = Release|Any CPU
		{C6BFF310-1B1E-421C-8E49-276EEAFA1044}.AppStore|x64.Build.0 = Release|Any CPU
		{C6BFF310-1B1E-421C-8E49-276EEAFA1044}.AppStore|x64.Deploy.0 = Release|Any CPU
		{C6BFF310-1B1E-421C-8E49-276EEAFA1044}.AppStore|x86.ActiveCfg = Release|Any CPU
		{C6BFF310-1B1E-421C-8E49-276EEAFA1044}.AppStore|x86.Build.0 = Release|Any CPU
		{C6BFF310-1B1E-421C-8E49-276EEAFA1044}.AppStore|x86.Deploy.0 = Release|Any CPU
		{C6BFF310-1B1E-421C-8E49-276EEAFA1044}.Debug|Any CPU.ActiveCfg = Debug|Any CPU
		{C6BFF310-1B1E-421C-8E49-276EEAFA1044}.Debug|Any CPU.Build.0 = Debug|Any CPU
		{C6BFF310-1B1E-421C-8E49-276EEAFA1044}.Debug|Any CPU.Deploy.0 = Debug|Any CPU
		{C6BFF310-1B1E-421C-8E49-276EEAFA1044}.Debug|ARM.ActiveCfg = Debug|Any CPU
		{C6BFF310-1B1E-421C-8E49-276EEAFA1044}.Debug|ARM.Build.0 = Debug|Any CPU
		{C6BFF310-1B1E-421C-8E49-276EEAFA1044}.Debug|ARM.Deploy.0 = Debug|Any CPU
		{C6BFF310-1B1E-421C-8E49-276EEAFA1044}.Debug|iPhone.ActiveCfg = Debug|Any CPU
		{C6BFF310-1B1E-421C-8E49-276EEAFA1044}.Debug|iPhone.Build.0 = Debug|Any CPU
		{C6BFF310-1B1E-421C-8E49-276EEAFA1044}.Debug|iPhone.Deploy.0 = Debug|Any CPU
		{C6BFF310-1B1E-421C-8E49-276EEAFA1044}.Debug|iPhoneSimulator.ActiveCfg = Debug|Any CPU
		{C6BFF310-1B1E-421C-8E49-276EEAFA1044}.Debug|iPhoneSimulator.Build.0 = Debug|Any CPU
		{C6BFF310-1B1E-421C-8E49-276EEAFA1044}.Debug|iPhoneSimulator.Deploy.0 = Debug|Any CPU
		{C6BFF310-1B1E-421C-8E49-276EEAFA1044}.Debug|x64.ActiveCfg = Debug|Any CPU
		{C6BFF310-1B1E-421C-8E49-276EEAFA1044}.Debug|x64.Build.0 = Debug|Any CPU
		{C6BFF310-1B1E-421C-8E49-276EEAFA1044}.Debug|x64.Deploy.0 = Debug|Any CPU
		{C6BFF310-1B1E-421C-8E49-276EEAFA1044}.Debug|x86.ActiveCfg = Debug|Any CPU
		{C6BFF310-1B1E-421C-8E49-276EEAFA1044}.Debug|x86.Build.0 = Debug|Any CPU
		{C6BFF310-1B1E-421C-8E49-276EEAFA1044}.Debug|x86.Deploy.0 = Debug|Any CPU
		{C6BFF310-1B1E-421C-8E49-276EEAFA1044}.Release|Any CPU.ActiveCfg = Release|Any CPU
		{C6BFF310-1B1E-421C-8E49-276EEAFA1044}.Release|Any CPU.Build.0 = Release|Any CPU
		{C6BFF310-1B1E-421C-8E49-276EEAFA1044}.Release|Any CPU.Deploy.0 = Release|Any CPU
		{C6BFF310-1B1E-421C-8E49-276EEAFA1044}.Release|ARM.ActiveCfg = Release|Any CPU
		{C6BFF310-1B1E-421C-8E49-276EEAFA1044}.Release|ARM.Build.0 = Release|Any CPU
		{C6BFF310-1B1E-421C-8E49-276EEAFA1044}.Release|ARM.Deploy.0 = Release|Any CPU
		{C6BFF310-1B1E-421C-8E49-276EEAFA1044}.Release|iPhone.ActiveCfg = Release|Any CPU
		{C6BFF310-1B1E-421C-8E49-276EEAFA1044}.Release|iPhone.Build.0 = Release|Any CPU
		{C6BFF310-1B1E-421C-8E49-276EEAFA1044}.Release|iPhone.Deploy.0 = Release|Any CPU
		{C6BFF310-1B1E-421C-8E49-276EEAFA1044}.Release|iPhoneSimulator.ActiveCfg = Release|Any CPU
		{C6BFF310-1B1E-421C-8E49-276EEAFA1044}.Release|iPhoneSimulator.Build.0 = Release|Any CPU
		{C6BFF310-1B1E-421C-8E49-276EEAFA1044}.Release|iPhoneSimulator.Deploy.0 = Release|Any CPU
		{C6BFF310-1B1E-421C-8E49-276EEAFA1044}.Release|x64.ActiveCfg = Release|Any CPU
		{C6BFF310-1B1E-421C-8E49-276EEAFA1044}.Release|x64.Build.0 = Release|Any CPU
		{C6BFF310-1B1E-421C-8E49-276EEAFA1044}.Release|x64.Deploy.0 = Release|Any CPU
		{C6BFF310-1B1E-421C-8E49-276EEAFA1044}.Release|x86.ActiveCfg = Release|Any CPU
		{C6BFF310-1B1E-421C-8E49-276EEAFA1044}.Release|x86.Build.0 = Release|Any CPU
		{C6BFF310-1B1E-421C-8E49-276EEAFA1044}.Release|x86.Deploy.0 = Release|Any CPU
		{9EC0AB4A-D140-40A1-B02C-67A8F8A25CA5}.Ad-Hoc|Any CPU.ActiveCfg = Ad-Hoc|iPhone
		{9EC0AB4A-D140-40A1-B02C-67A8F8A25CA5}.Ad-Hoc|ARM.ActiveCfg = Ad-Hoc|iPhone
		{9EC0AB4A-D140-40A1-B02C-67A8F8A25CA5}.Ad-Hoc|iPhone.ActiveCfg = Ad-Hoc|iPhone
		{9EC0AB4A-D140-40A1-B02C-67A8F8A25CA5}.Ad-Hoc|iPhone.Build.0 = Ad-Hoc|iPhone
		{9EC0AB4A-D140-40A1-B02C-67A8F8A25CA5}.Ad-Hoc|iPhoneSimulator.ActiveCfg = Ad-Hoc|iPhoneSimulator
		{9EC0AB4A-D140-40A1-B02C-67A8F8A25CA5}.Ad-Hoc|iPhoneSimulator.Build.0 = Ad-Hoc|iPhoneSimulator
		{9EC0AB4A-D140-40A1-B02C-67A8F8A25CA5}.Ad-Hoc|x64.ActiveCfg = Ad-Hoc|iPhone
		{9EC0AB4A-D140-40A1-B02C-67A8F8A25CA5}.Ad-Hoc|x86.ActiveCfg = Ad-Hoc|iPhone
		{9EC0AB4A-D140-40A1-B02C-67A8F8A25CA5}.AppStore|Any CPU.ActiveCfg = AppStore|iPhone
		{9EC0AB4A-D140-40A1-B02C-67A8F8A25CA5}.AppStore|ARM.ActiveCfg = AppStore|iPhone
		{9EC0AB4A-D140-40A1-B02C-67A8F8A25CA5}.AppStore|iPhone.ActiveCfg = AppStore|iPhone
		{9EC0AB4A-D140-40A1-B02C-67A8F8A25CA5}.AppStore|iPhone.Build.0 = AppStore|iPhone
		{9EC0AB4A-D140-40A1-B02C-67A8F8A25CA5}.AppStore|iPhoneSimulator.ActiveCfg = AppStore|iPhoneSimulator
		{9EC0AB4A-D140-40A1-B02C-67A8F8A25CA5}.AppStore|iPhoneSimulator.Build.0 = AppStore|iPhoneSimulator
		{9EC0AB4A-D140-40A1-B02C-67A8F8A25CA5}.AppStore|x64.ActiveCfg = AppStore|iPhone
		{9EC0AB4A-D140-40A1-B02C-67A8F8A25CA5}.AppStore|x86.ActiveCfg = AppStore|iPhone
		{9EC0AB4A-D140-40A1-B02C-67A8F8A25CA5}.Debug|Any CPU.ActiveCfg = Debug|iPhone
		{9EC0AB4A-D140-40A1-B02C-67A8F8A25CA5}.Debug|ARM.ActiveCfg = Debug|iPhone
		{9EC0AB4A-D140-40A1-B02C-67A8F8A25CA5}.Debug|iPhone.ActiveCfg = Debug|iPhone
		{9EC0AB4A-D140-40A1-B02C-67A8F8A25CA5}.Debug|iPhone.Build.0 = Debug|iPhone
		{9EC0AB4A-D140-40A1-B02C-67A8F8A25CA5}.Debug|iPhoneSimulator.ActiveCfg = Debug|iPhoneSimulator
		{9EC0AB4A-D140-40A1-B02C-67A8F8A25CA5}.Debug|iPhoneSimulator.Build.0 = Debug|iPhoneSimulator
		{9EC0AB4A-D140-40A1-B02C-67A8F8A25CA5}.Debug|x64.ActiveCfg = Debug|iPhone
		{9EC0AB4A-D140-40A1-B02C-67A8F8A25CA5}.Debug|x86.ActiveCfg = Debug|iPhone
		{9EC0AB4A-D140-40A1-B02C-67A8F8A25CA5}.Release|Any CPU.ActiveCfg = Release|iPhone
		{9EC0AB4A-D140-40A1-B02C-67A8F8A25CA5}.Release|ARM.ActiveCfg = Release|iPhone
		{9EC0AB4A-D140-40A1-B02C-67A8F8A25CA5}.Release|iPhone.ActiveCfg = Release|iPhone
		{9EC0AB4A-D140-40A1-B02C-67A8F8A25CA5}.Release|iPhone.Build.0 = Release|iPhone
		{9EC0AB4A-D140-40A1-B02C-67A8F8A25CA5}.Release|iPhoneSimulator.ActiveCfg = Release|iPhoneSimulator
		{9EC0AB4A-D140-40A1-B02C-67A8F8A25CA5}.Release|iPhoneSimulator.Build.0 = Release|iPhoneSimulator
		{9EC0AB4A-D140-40A1-B02C-67A8F8A25CA5}.Release|x64.ActiveCfg = Release|iPhone
		{9EC0AB4A-D140-40A1-B02C-67A8F8A25CA5}.Release|x86.ActiveCfg = Release|iPhone
		{2E2FD5E5-9EDF-4B55-8960-A620068817A1}.Ad-Hoc|Any CPU.ActiveCfg = Release|x64
		{2E2FD5E5-9EDF-4B55-8960-A620068817A1}.Ad-Hoc|Any CPU.Build.0 = Release|x64
		{2E2FD5E5-9EDF-4B55-8960-A620068817A1}.Ad-Hoc|Any CPU.Deploy.0 = Release|x64
		{2E2FD5E5-9EDF-4B55-8960-A620068817A1}.Ad-Hoc|ARM.ActiveCfg = Release|ARM
		{2E2FD5E5-9EDF-4B55-8960-A620068817A1}.Ad-Hoc|ARM.Build.0 = Release|ARM
		{2E2FD5E5-9EDF-4B55-8960-A620068817A1}.Ad-Hoc|ARM.Deploy.0 = Release|ARM
		{2E2FD5E5-9EDF-4B55-8960-A620068817A1}.Ad-Hoc|iPhone.ActiveCfg = Release|x64
		{2E2FD5E5-9EDF-4B55-8960-A620068817A1}.Ad-Hoc|iPhone.Build.0 = Release|x64
		{2E2FD5E5-9EDF-4B55-8960-A620068817A1}.Ad-Hoc|iPhone.Deploy.0 = Release|x64
		{2E2FD5E5-9EDF-4B55-8960-A620068817A1}.Ad-Hoc|iPhoneSimulator.ActiveCfg = Release|x64
		{2E2FD5E5-9EDF-4B55-8960-A620068817A1}.Ad-Hoc|iPhoneSimulator.Build.0 = Release|x64
		{2E2FD5E5-9EDF-4B55-8960-A620068817A1}.Ad-Hoc|iPhoneSimulator.Deploy.0 = Release|x64
		{2E2FD5E5-9EDF-4B55-8960-A620068817A1}.Ad-Hoc|x64.ActiveCfg = Release|x64
		{2E2FD5E5-9EDF-4B55-8960-A620068817A1}.Ad-Hoc|x64.Build.0 = Release|x64
		{2E2FD5E5-9EDF-4B55-8960-A620068817A1}.Ad-Hoc|x64.Deploy.0 = Release|x64
		{2E2FD5E5-9EDF-4B55-8960-A620068817A1}.Ad-Hoc|x86.ActiveCfg = Release|x86
		{2E2FD5E5-9EDF-4B55-8960-A620068817A1}.Ad-Hoc|x86.Build.0 = Release|x86
		{2E2FD5E5-9EDF-4B55-8960-A620068817A1}.Ad-Hoc|x86.Deploy.0 = Release|x86
		{2E2FD5E5-9EDF-4B55-8960-A620068817A1}.AppStore|Any CPU.ActiveCfg = Release|x64
		{2E2FD5E5-9EDF-4B55-8960-A620068817A1}.AppStore|Any CPU.Build.0 = Release|x64
		{2E2FD5E5-9EDF-4B55-8960-A620068817A1}.AppStore|Any CPU.Deploy.0 = Release|x64
		{2E2FD5E5-9EDF-4B55-8960-A620068817A1}.AppStore|ARM.ActiveCfg = Release|ARM
		{2E2FD5E5-9EDF-4B55-8960-A620068817A1}.AppStore|ARM.Build.0 = Release|ARM
		{2E2FD5E5-9EDF-4B55-8960-A620068817A1}.AppStore|ARM.Deploy.0 = Release|ARM
		{2E2FD5E5-9EDF-4B55-8960-A620068817A1}.AppStore|iPhone.ActiveCfg = Release|x64
		{2E2FD5E5-9EDF-4B55-8960-A620068817A1}.AppStore|iPhone.Build.0 = Release|x64
		{2E2FD5E5-9EDF-4B55-8960-A620068817A1}.AppStore|iPhone.Deploy.0 = Release|x64
		{2E2FD5E5-9EDF-4B55-8960-A620068817A1}.AppStore|iPhoneSimulator.ActiveCfg = Release|x64
		{2E2FD5E5-9EDF-4B55-8960-A620068817A1}.AppStore|iPhoneSimulator.Build.0 = Release|x64
		{2E2FD5E5-9EDF-4B55-8960-A620068817A1}.AppStore|iPhoneSimulator.Deploy.0 = Release|x64
		{2E2FD5E5-9EDF-4B55-8960-A620068817A1}.AppStore|x64.ActiveCfg = Release|x64
		{2E2FD5E5-9EDF-4B55-8960-A620068817A1}.AppStore|x64.Build.0 = Release|x64
		{2E2FD5E5-9EDF-4B55-8960-A620068817A1}.AppStore|x64.Deploy.0 = Release|x64
		{2E2FD5E5-9EDF-4B55-8960-A620068817A1}.AppStore|x86.ActiveCfg = Release|x86
		{2E2FD5E5-9EDF-4B55-8960-A620068817A1}.AppStore|x86.Build.0 = Release|x86
		{2E2FD5E5-9EDF-4B55-8960-A620068817A1}.AppStore|x86.Deploy.0 = Release|x86
		{2E2FD5E5-9EDF-4B55-8960-A620068817A1}.Debug|Any CPU.ActiveCfg = Debug|x86
		{2E2FD5E5-9EDF-4B55-8960-A620068817A1}.Debug|ARM.ActiveCfg = Debug|ARM
		{2E2FD5E5-9EDF-4B55-8960-A620068817A1}.Debug|ARM.Build.0 = Debug|ARM
		{2E2FD5E5-9EDF-4B55-8960-A620068817A1}.Debug|ARM.Deploy.0 = Debug|ARM
		{2E2FD5E5-9EDF-4B55-8960-A620068817A1}.Debug|iPhone.ActiveCfg = Debug|x86
		{2E2FD5E5-9EDF-4B55-8960-A620068817A1}.Debug|iPhoneSimulator.ActiveCfg = Debug|x86
		{2E2FD5E5-9EDF-4B55-8960-A620068817A1}.Debug|x64.ActiveCfg = Debug|x64
		{2E2FD5E5-9EDF-4B55-8960-A620068817A1}.Debug|x64.Build.0 = Debug|x64
		{2E2FD5E5-9EDF-4B55-8960-A620068817A1}.Debug|x64.Deploy.0 = Debug|x64
		{2E2FD5E5-9EDF-4B55-8960-A620068817A1}.Debug|x86.ActiveCfg = Debug|x86
		{2E2FD5E5-9EDF-4B55-8960-A620068817A1}.Debug|x86.Build.0 = Debug|x86
		{2E2FD5E5-9EDF-4B55-8960-A620068817A1}.Debug|x86.Deploy.0 = Debug|x86
		{2E2FD5E5-9EDF-4B55-8960-A620068817A1}.Release|Any CPU.ActiveCfg = Release|x86
		{2E2FD5E5-9EDF-4B55-8960-A620068817A1}.Release|ARM.ActiveCfg = Release|ARM
		{2E2FD5E5-9EDF-4B55-8960-A620068817A1}.Release|ARM.Build.0 = Release|ARM
		{2E2FD5E5-9EDF-4B55-8960-A620068817A1}.Release|ARM.Deploy.0 = Release|ARM
		{2E2FD5E5-9EDF-4B55-8960-A620068817A1}.Release|iPhone.ActiveCfg = Release|x86
		{2E2FD5E5-9EDF-4B55-8960-A620068817A1}.Release|iPhoneSimulator.ActiveCfg = Release|x86
		{2E2FD5E5-9EDF-4B55-8960-A620068817A1}.Release|x64.ActiveCfg = Release|x64
		{2E2FD5E5-9EDF-4B55-8960-A620068817A1}.Release|x64.Build.0 = Release|x64
		{2E2FD5E5-9EDF-4B55-8960-A620068817A1}.Release|x64.Deploy.0 = Release|x64
		{2E2FD5E5-9EDF-4B55-8960-A620068817A1}.Release|x86.ActiveCfg = Release|x86
		{2E2FD5E5-9EDF-4B55-8960-A620068817A1}.Release|x86.Build.0 = Release|x86
		{2E2FD5E5-9EDF-4B55-8960-A620068817A1}.Release|x86.Deploy.0 = Release|x86
		{EEB8CD3E-2DBF-427A-B42B-93FF20F52387}.Ad-Hoc|Any CPU.ActiveCfg = Release|Any CPU
		{EEB8CD3E-2DBF-427A-B42B-93FF20F52387}.Ad-Hoc|Any CPU.Build.0 = Release|Any CPU
		{EEB8CD3E-2DBF-427A-B42B-93FF20F52387}.Ad-Hoc|ARM.ActiveCfg = Release|Any CPU
		{EEB8CD3E-2DBF-427A-B42B-93FF20F52387}.Ad-Hoc|ARM.Build.0 = Release|Any CPU
		{EEB8CD3E-2DBF-427A-B42B-93FF20F52387}.Ad-Hoc|iPhone.ActiveCfg = Release|Any CPU
		{EEB8CD3E-2DBF-427A-B42B-93FF20F52387}.Ad-Hoc|iPhone.Build.0 = Release|Any CPU
		{EEB8CD3E-2DBF-427A-B42B-93FF20F52387}.Ad-Hoc|iPhoneSimulator.ActiveCfg = Release|Any CPU
		{EEB8CD3E-2DBF-427A-B42B-93FF20F52387}.Ad-Hoc|iPhoneSimulator.Build.0 = Release|Any CPU
		{EEB8CD3E-2DBF-427A-B42B-93FF20F52387}.Ad-Hoc|x64.ActiveCfg = Release|Any CPU
		{EEB8CD3E-2DBF-427A-B42B-93FF20F52387}.Ad-Hoc|x64.Build.0 = Release|Any CPU
		{EEB8CD3E-2DBF-427A-B42B-93FF20F52387}.Ad-Hoc|x86.ActiveCfg = Release|Any CPU
		{EEB8CD3E-2DBF-427A-B42B-93FF20F52387}.Ad-Hoc|x86.Build.0 = Release|Any CPU
		{EEB8CD3E-2DBF-427A-B42B-93FF20F52387}.AppStore|Any CPU.ActiveCfg = Release|Any CPU
		{EEB8CD3E-2DBF-427A-B42B-93FF20F52387}.AppStore|Any CPU.Build.0 = Release|Any CPU
		{EEB8CD3E-2DBF-427A-B42B-93FF20F52387}.AppStore|ARM.ActiveCfg = Release|Any CPU
		{EEB8CD3E-2DBF-427A-B42B-93FF20F52387}.AppStore|ARM.Build.0 = Release|Any CPU
		{EEB8CD3E-2DBF-427A-B42B-93FF20F52387}.AppStore|iPhone.ActiveCfg = Release|Any CPU
		{EEB8CD3E-2DBF-427A-B42B-93FF20F52387}.AppStore|iPhone.Build.0 = Release|Any CPU
		{EEB8CD3E-2DBF-427A-B42B-93FF20F52387}.AppStore|iPhoneSimulator.ActiveCfg = Release|Any CPU
		{EEB8CD3E-2DBF-427A-B42B-93FF20F52387}.AppStore|iPhoneSimulator.Build.0 = Release|Any CPU
		{EEB8CD3E-2DBF-427A-B42B-93FF20F52387}.AppStore|x64.ActiveCfg = Release|Any CPU
		{EEB8CD3E-2DBF-427A-B42B-93FF20F52387}.AppStore|x64.Build.0 = Release|Any CPU
		{EEB8CD3E-2DBF-427A-B42B-93FF20F52387}.AppStore|x86.ActiveCfg = Release|Any CPU
		{EEB8CD3E-2DBF-427A-B42B-93FF20F52387}.AppStore|x86.Build.0 = Release|Any CPU
		{EEB8CD3E-2DBF-427A-B42B-93FF20F52387}.Debug|Any CPU.ActiveCfg = Debug|Any CPU
		{EEB8CD3E-2DBF-427A-B42B-93FF20F52387}.Debug|Any CPU.Build.0 = Debug|Any CPU
		{EEB8CD3E-2DBF-427A-B42B-93FF20F52387}.Debug|ARM.ActiveCfg = Debug|Any CPU
		{EEB8CD3E-2DBF-427A-B42B-93FF20F52387}.Debug|ARM.Build.0 = Debug|Any CPU
		{EEB8CD3E-2DBF-427A-B42B-93FF20F52387}.Debug|iPhone.ActiveCfg = Debug|Any CPU
		{EEB8CD3E-2DBF-427A-B42B-93FF20F52387}.Debug|iPhone.Build.0 = Debug|Any CPU
		{EEB8CD3E-2DBF-427A-B42B-93FF20F52387}.Debug|iPhoneSimulator.ActiveCfg = Debug|Any CPU
		{EEB8CD3E-2DBF-427A-B42B-93FF20F52387}.Debug|iPhoneSimulator.Build.0 = Debug|Any CPU
		{EEB8CD3E-2DBF-427A-B42B-93FF20F52387}.Debug|x64.ActiveCfg = Debug|Any CPU
		{EEB8CD3E-2DBF-427A-B42B-93FF20F52387}.Debug|x64.Build.0 = Debug|Any CPU
		{EEB8CD3E-2DBF-427A-B42B-93FF20F52387}.Debug|x86.ActiveCfg = Debug|Any CPU
		{EEB8CD3E-2DBF-427A-B42B-93FF20F52387}.Debug|x86.Build.0 = Debug|Any CPU
		{EEB8CD3E-2DBF-427A-B42B-93FF20F52387}.Release|Any CPU.ActiveCfg = Release|Any CPU
		{EEB8CD3E-2DBF-427A-B42B-93FF20F52387}.Release|Any CPU.Build.0 = Release|Any CPU
		{EEB8CD3E-2DBF-427A-B42B-93FF20F52387}.Release|ARM.ActiveCfg = Release|Any CPU
		{EEB8CD3E-2DBF-427A-B42B-93FF20F52387}.Release|ARM.Build.0 = Release|Any CPU
		{EEB8CD3E-2DBF-427A-B42B-93FF20F52387}.Release|iPhone.ActiveCfg = Release|Any CPU
		{EEB8CD3E-2DBF-427A-B42B-93FF20F52387}.Release|iPhone.Build.0 = Release|Any CPU
		{EEB8CD3E-2DBF-427A-B42B-93FF20F52387}.Release|iPhoneSimulator.ActiveCfg = Release|Any CPU
		{EEB8CD3E-2DBF-427A-B42B-93FF20F52387}.Release|iPhoneSimulator.Build.0 = Release|Any CPU
		{EEB8CD3E-2DBF-427A-B42B-93FF20F52387}.Release|x64.ActiveCfg = Release|Any CPU
		{EEB8CD3E-2DBF-427A-B42B-93FF20F52387}.Release|x64.Build.0 = Release|Any CPU
		{EEB8CD3E-2DBF-427A-B42B-93FF20F52387}.Release|x86.ActiveCfg = Release|Any CPU
		{EEB8CD3E-2DBF-427A-B42B-93FF20F52387}.Release|x86.Build.0 = Release|Any CPU
	EndGlobalSection
	GlobalSection(SolutionProperties) = preSolution
		HideSolutionNode = FALSE
	EndGlobalSection
	GlobalSection(NestedProjects) = preSolution
		{35AD6882-3F01-4A84-BF10-349D79975FF5} = {26552C00-4AC6-48DB-A43A-1BFC8304E5E2}
		{4F52DEBD-4D77-4B4B-913D-3740152E0D9E} = {35AD6882-3F01-4A84-BF10-349D79975FF5}
		{570FD6DB-5FCA-4409-BC32-24D156A8CBB8} = {35AD6882-3F01-4A84-BF10-349D79975FF5}
		{2B72A661-317D-4A94-A151-F019B9808603} = {35AD6882-3F01-4A84-BF10-349D79975FF5}
		{EC97AA26-35E6-4482-84E4-8FFAFF8F8D48} = {35AD6882-3F01-4A84-BF10-349D79975FF5}
		{B38D7E0D-C9AA-4FC7-9D6F-0FCFA532CCB7} = {2B72A661-317D-4A94-A151-F019B9808603}
		{B3B4C345-3ED0-4EF4-9ED0-B546FECC7D1A} = {EC97AA26-35E6-4482-84E4-8FFAFF8F8D48}
		{4B53FB0F-6471-47F8-9D02-030CE43ACBCD} = {35AD6882-3F01-4A84-BF10-349D79975FF5}
		{821632FD-EFD0-47E7-9E9C-8459A84DFD62} = {4B53FB0F-6471-47F8-9D02-030CE43ACBCD}
		{67E342FD-CA9E-4039-A31A-2A2E8D9F5F60} = {163FD20A-5D8D-4AF2-A18E-A7C525713950}
	EndGlobalSection
	GlobalSection(ExtensibilityGlobals) = postSolution
		SolutionGuid = {CE405A7F-E6D4-47EB-841A-0470BE3C123D}
	EndGlobalSection
EndGlobal
